
Microsoft Visual Studio Solution File, Format Version 12.00
# Visual Studio Version 17
VisualStudioVersion = 17.11.35303.130
MinimumVisualStudioVersion = 10.0.40219.1
Project("{FAE04EC0-301F-11D3-BF4B-00C04F79EFBC}") = "Vis", "Vis.csproj", "{B888F1FD-109A-4B83-9AAD-9DBAD3A649D2}"
EndProject
Global
	GlobalSection(SolutionConfigurationPlatforms) = preSolution
		Debug|Any CPU = Debug|Any CPU
		Release|Any CPU = Release|Any CPU
	EndGlobalSection
	GlobalSection(ProjectConfigurationPlatforms) = postSolution
		{B888F1FD-109A-4B83-9AAD-9DBAD3A649D2}.Debug|Any CPU.ActiveCfg = Debug|Any CPU
		{B888F1FD-109A-4B83-9AAD-9DBAD3A649D2}.Debug|Any CPU.Build.0 = Debug|Any CPU
		{B888F1FD-109A-4B83-9AAD-9DBAD3A649D2}.Release|Any CPU.ActiveCfg = Release|Any CPU
		{B888F1FD-109A-4B83-9AAD-9DBAD3A649D2}.Release|Any CPU.Build.0 = Release|Any CPU
	EndGlobalSection
	GlobalSection(SolutionProperties) = preSolution
		HideSolutionNode = FALSE
	EndGlobalSection
	GlobalSection(ExtensibilityGlobals) = postSolution
		SolutionGuid = {C1CE9E57-F1E4-486D-BC19-24AB670DFE91}
	EndGlobalSection
EndGlobal
